
Microsoft Visual Studio Solution File, Format Version 12.00
# Visual Studio Version 17
VisualStudioVersion = 17.5.2.0
MinimumVisualStudioVersion = 10.0.40219.1
Project("{FAE04EC0-301F-11D3-BF4B-00C04F79EFBC}") = "spel karaktärer C#", "spel karaktärer C#.csproj", "{0D3B0D47-40D5-6DC6-AE4D-9577931C140C}"
EndProject
Global
	GlobalSection(SolutionConfigurationPlatforms) = preSolution
		Debug|Any CPU = Debug|Any CPU
		Release|Any CPU = Release|Any CPU
	EndGlobalSection
	GlobalSection(ProjectConfigurationPlatforms) = postSolution
		{0D3B0D47-40D5-6DC6-AE4D-9577931C140C}.Debug|Any CPU.ActiveCfg = Debug|Any CPU
		{0D3B0D47-40D5-6DC6-AE4D-9577931C140C}.Debug|Any CPU.Build.0 = Debug|Any CPU
		{0D3B0D47-40D5-6DC6-AE4D-9577931C140C}.Release|Any CPU.ActiveCfg = Release|Any CPU
		{0D3B0D47-40D5-6DC6-AE4D-9577931C140C}.Release|Any CPU.Build.0 = Release|Any CPU
	EndGlobalSection
	GlobalSection(SolutionProperties) = preSolution
		HideSolutionNode = FALSE
	EndGlobalSection
	GlobalSection(ExtensibilityGlobals) = postSolution
		SolutionGuid = {580272A9-5427-48A7-9034-BAF5E481A615}
	EndGlobalSection
EndGlobal
